
Microsoft Visual Studio Solution File, Format Version 12.00
# Visual Studio Version 17
VisualStudioVersion = 17.4.33006.217
MinimumVisualStudioVersion = 10.0.40219.1
Project("{9A19103F-16F7-4668-BE54-9A1E7A4F7556}") = "WasmCv", "WasmCv\WasmCv.csproj", "{9AD69376-CAE8-4D1E-B152-F5DC3F13595B}"
EndProject
Global
	GlobalSection(SolutionConfigurationPlatforms) = preSolution
		Debug|Any CPU = Debug|Any CPU
		Release|Any CPU = Release|Any CPU
	EndGlobalSection
	GlobalSection(ProjectConfigurationPlatforms) = postSolution
		{9AD69376-CAE8-4D1E-B152-F5DC3F13595B}.Debug|Any CPU.ActiveCfg = Debug|Any CPU
		{9AD69376-CAE8-4D1E-B152-F5DC3F13595B}.Debug|Any CPU.Build.0 = Debug|Any CPU
		{9AD69376-CAE8-4D1E-B152-F5DC3F13595B}.Release|Any CPU.ActiveCfg = Release|Any CPU
		{9AD69376-CAE8-4D1E-B152-F5DC3F13595B}.Release|Any CPU.Build.0 = Release|Any CPU
	EndGlobalSection
	GlobalSection(SolutionProperties) = preSolution
		HideSolutionNode = FALSE
	EndGlobalSection
	GlobalSection(ExtensibilityGlobals) = postSolution
		SolutionGuid = {60F41A38-B70F-40EC-A932-FFF1B6965C6C}
	EndGlobalSection
EndGlobal
